// !$*UTF8*$!
{
	archiveVersion = 1;
	classes = {
	};
	objectVersion = 77;
	objects = {

/* Begin PBXBuildFile section */
		C1D0F2F12DAC78EB00D05400 /* FreePlayView.swift in Sources */ = {isa = PBXBuildFile; fileRef = C1D0F2ED2DAC78EB00D05400 /* FreePlayView.swift */; };
		C1D0F2F22DAC78EB00D05400 /* Picflip_FinalApp.swift in Sources */ = {isa = PBXBuildFile; fileRef = C1D0F2EF2DAC78EB00D05400 /* Picflip_FinalApp.swift */; };
		C1D0F2F32DAC78EB00D05400 /* Preview Assets.xcassets in Resources */ = {isa = PBXBuildFile; fileRef = C1D0F2EA2DAC78EB00D05400 /* Preview Assets.xcassets */; };
		C1D0F2F42DAC78EB00D05400 /* Assets.xcassets in Resources */ = {isa = PBXBuildFile; fileRef = C1D0F2EC2DAC78EB00D05400 /* Assets.xcassets */; };
		C1D0F2FB2DAC7AE800D05400 /* CardStucture.swift in Sources */ = {isa = PBXBuildFile; fileRef = C1D0F2FA2DAC7AE800D05400 /* CardStucture.swift */; };
		C1D0F2FD2DAC8D9700D05400 /* StartingView.swift in Sources */ = {isa = PBXBuildFile; fileRef = C1D0F2FC2DAC8D9700D05400 /* StartingView.swift */; };
		C1D0F2FF2DADE41400D05400 /* Emojis.swift in Sources */ = {isa = PBXBuildFile; fileRef = C1D0F2FE2DADE41400D05400 /* Emojis.swift */; };
		C1D0F3012DADEC4500D05400 /* LevelsIntoView.swift in Sources */ = {isa = PBXBuildFile; fileRef = C1D0F3002DADEC4500D05400 /* LevelsIntoView.swift */; };
		C1D0F3032DADEEC700D05400 /* Level1View.swift in Sources */ = {isa = PBXBuildFile; fileRef = C1D0F3022DADEEC700D05400 /* Level1View.swift */; };
		C1D0F3052DADEED800D05400 /* Level2View.swift in Sources */ = {isa = PBXBuildFile; fileRef = C1D0F3042DADEED800D05400 /* Level2View.swift */; };
		C1D0F3072DADEEE200D05400 /* Level3View.swift in Sources */ = {isa = PBXBuildFile; fileRef = C1D0F3062DADEEE200D05400 /* Level3View.swift */; };
		C1D0F3092DADEEEB00D05400 /* Level4View.swift in Sources */ = {isa = PBXBuildFile; fileRef = C1D0F3082DADEEEB00D05400 /* Level4View.swift */; };
		C1D0F30B2DADEEF400D05400 /* Level5View.swift in Sources */ = {isa = PBXBuildFile; fileRef = C1D0F30A2DADEEF400D05400 /* Level5View.swift */; };
		C1D0F30D2DADEF0200D05400 /* Level6View.swift in Sources */ = {isa = PBXBuildFile; fileRef = C1D0F30C2DADEF0200D05400 /* Level6View.swift */; };
		C1D0F30F2DADEF0C00D05400 /* Level7View.swift in Sources */ = {isa = PBXBuildFile; fileRef = C1D0F30E2DADEF0B00D05400 /* Level7View.swift */; };
		C1D0F3112DADEF1800D05400 /* Level8View.swift in Sources */ = {isa = PBXBuildFile; fileRef = C1D0F3102DADEF1800D05400 /* Level8View.swift */; };
		C1D0F3132DADEF2100D05400 /* Level9View.swift in Sources */ = {isa = PBXBuildFile; fileRef = C1D0F3122DADEF2100D05400 /* Level9View.swift */; };
		C1D0F3152DADEF3200D05400 /* Level10View.swift in Sources */ = {isa = PBXBuildFile; fileRef = C1D0F3142DADEF3200D05400 /* Level10View.swift */; };
		C1D0F3172DAED8C600D05400 /* CreditsView.swift in Sources */ = {isa = PBXBuildFile; fileRef = C1D0F3162DAED8C600D05400 /* CreditsView.swift */; };
/* End PBXBuildFile section */

/* Begin PBXFileReference section */
		C1D0F2CE2DAC785D00D05400 /* Wordflip.Final.app */ = {isa = PBXFileReference; explicitFileType = wrapper.application; includeInIndex = 0; path = Wordflip.Final.app; sourceTree = BUILT_PRODUCTS_DIR; };
		C1D0F2EA2DAC78EB00D05400 /* Preview Assets.xcassets */ = {isa = PBXFileReference; lastKnownFileType = folder.assetcatalog; path = "Preview Assets.xcassets"; sourceTree = "<group>"; };
		C1D0F2EC2DAC78EB00D05400 /* Assets.xcassets */ = {isa = PBXFileReference; lastKnownFileType = folder.assetcatalog; path = Assets.xcassets; sourceTree = "<group>"; };
		C1D0F2ED2DAC78EB00D05400 /* FreePlayView.swift */ = {isa = PBXFileReference; lastKnownFileType = sourcecode.swift; path = FreePlayView.swift; sourceTree = "<group>"; };
		C1D0F2EE2DAC78EB00D05400 /* Picflip_Final.entitlements */ = {isa = PBXFileReference; lastKnownFileType = text.plist.entitlements; path = Picflip_Final.entitlements; sourceTree = "<group>"; };
		C1D0F2EF2DAC78EB00D05400 /* Picflip_FinalApp.swift */ = {isa = PBXFileReference; lastKnownFileType = sourcecode.swift; path = Picflip_FinalApp.swift; sourceTree = "<group>"; };
		C1D0F2FA2DAC7AE800D05400 /* CardStucture.swift */ = {isa = PBXFileReference; lastKnownFileType = sourcecode.swift; path = CardStucture.swift; sourceTree = "<group>"; };
		C1D0F2FC2DAC8D9700D05400 /* StartingView.swift */ = {isa = PBXFileReference; lastKnownFileType = sourcecode.swift; path = StartingView.swift; sourceTree = "<group>"; };
		C1D0F2FE2DADE41400D05400 /* Emojis.swift */ = {isa = PBXFileReference; lastKnownFileType = sourcecode.swift; path = Emojis.swift; sourceTree = "<group>"; };
		C1D0F3002DADEC4500D05400 /* LevelsIntoView.swift */ = {isa = PBXFileReference; lastKnownFileType = sourcecode.swift; path = LevelsIntoView.swift; sourceTree = "<group>"; };
		C1D0F3022DADEEC700D05400 /* Level1View.swift */ = {isa = PBXFileReference; lastKnownFileType = sourcecode.swift; path = Level1View.swift; sourceTree = "<group>"; };
		C1D0F3042DADEED800D05400 /* Level2View.swift */ = {isa = PBXFileReference; lastKnownFileType = sourcecode.swift; path = Level2View.swift; sourceTree = "<group>"; };
		C1D0F3062DADEEE200D05400 /* Level3View.swift */ = {isa = PBXFileReference; lastKnownFileType = sourcecode.swift; path = Level3View.swift; sourceTree = "<group>"; };
		C1D0F3082DADEEEB00D05400 /* Level4View.swift */ = {isa = PBXFileReference; lastKnownFileType = sourcecode.swift; path = Level4View.swift; sourceTree = "<group>"; };
		C1D0F30A2DADEEF400D05400 /* Level5View.swift */ = {isa = PBXFileReference; lastKnownFileType = sourcecode.swift; path = Level5View.swift; sourceTree = "<group>"; };
		C1D0F30C2DADEF0200D05400 /* Level6View.swift */ = {isa = PBXFileReference; lastKnownFileType = sourcecode.swift; path = Level6View.swift; sourceTree = "<group>"; };
		C1D0F30E2DADEF0B00D05400 /* Level7View.swift */ = {isa = PBXFileReference; lastKnownFileType = sourcecode.swift; path = Level7View.swift; sourceTree = "<group>"; };
		C1D0F3102DADEF1800D05400 /* Level8View.swift */ = {isa = PBXFileReference; lastKnownFileType = sourcecode.swift; path = Level8View.swift; sourceTree = "<group>"; };
		C1D0F3122DADEF2100D05400 /* Level9View.swift */ = {isa = PBXFileReference; lastKnownFileType = sourcecode.swift; path = Level9View.swift; sourceTree = "<group>"; };
		C1D0F3142DADEF3200D05400 /* Level10View.swift */ = {isa = PBXFileReference; lastKnownFileType = sourcecode.swift; path = Level10View.swift; sourceTree = "<group>"; };
		C1D0F3162DAED8C600D05400 /* CreditsView.swift */ = {isa = PBXFileReference; lastKnownFileType = sourcecode.swift; path = CreditsView.swift; sourceTree = "<group>"; };
/* End PBXFileReference section */

/* Begin PBXFrameworksBuildPhase section */
		C1D0F2CB2DAC785D00D05400 /* Frameworks */ = {
			isa = PBXFrameworksBuildPhase;
			buildActionMask = 2147483647;
			files = (
			);
			runOnlyForDeploymentPostprocessing = 0;
		};
/* End PBXFrameworksBuildPhase section */

/* Begin PBXGroup section */
		C1D0F2C52DAC785D00D05400 = {
			isa = PBXGroup;
			children = (
				C1D0F2F02DAC78EB00D05400 /* Picflip.Final */,
				C1D0F2CF2DAC785D00D05400 /* Products */,
			);
			sourceTree = "<group>";
		};
		C1D0F2CF2DAC785D00D05400 /* Products */ = {
			isa = PBXGroup;
			children = (
				C1D0F2CE2DAC785D00D05400 /* Wordflip.Final.app */,
			);
			name = Products;
			sourceTree = "<group>";
		};
		C1D0F2EB2DAC78EB00D05400 /* Preview Content */ = {
			isa = PBXGroup;
			children = (
				C1D0F2EA2DAC78EB00D05400 /* Preview Assets.xcassets */,
			);
			path = "Preview Content";
			sourceTree = "<group>";
		};
		C1D0F2F02DAC78EB00D05400 /* Picflip.Final */ = {
			isa = PBXGroup;
			children = (
				C1D0F2EF2DAC78EB00D05400 /* Picflip_FinalApp.swift */,
				C1D0F2EE2DAC78EB00D05400 /* Picflip_Final.entitlements */,
				C1D0F2F62DAC78F700D05400 /* Functions */,
				C1D0F2F72DAC790000D05400 /* Views */,
				C1D0F2EB2DAC78EB00D05400 /* Preview Content */,
				C1D0F2EC2DAC78EB00D05400 /* Assets.xcassets */,
			);
			path = Picflip.Final;
			sourceTree = "<group>";
		};
		C1D0F2F62DAC78F700D05400 /* Functions */ = {
			isa = PBXGroup;
			children = (
				C1D0F2FA2DAC7AE800D05400 /* CardStucture.swift */,
				C1D0F2FE2DADE41400D05400 /* Emojis.swift */,
			);
			path = Functions;
			sourceTree = "<group>";
		};
		C1D0F2F72DAC790000D05400 /* Views */ = {
			isa = PBXGroup;
			children = (
				C1D0F2FC2DAC8D9700D05400 /* StartingView.swift */,
				C1D0F2ED2DAC78EB00D05400 /* FreePlayView.swift */,
				C1D0F3002DADEC4500D05400 /* LevelsIntoView.swift */,
				C1D0F3022DADEEC700D05400 /* Level1View.swift */,
				C1D0F3042DADEED800D05400 /* Level2View.swift */,
				C1D0F3062DADEEE200D05400 /* Level3View.swift */,
				C1D0F3082DADEEEB00D05400 /* Level4View.swift */,
				C1D0F30A2DADEEF400D05400 /* Level5View.swift */,
				C1D0F30C2DADEF0200D05400 /* Level6View.swift */,
				C1D0F30E2DADEF0B00D05400 /* Level7View.swift */,
				C1D0F3102DADEF1800D05400 /* Level8View.swift */,
				C1D0F3122DADEF2100D05400 /* Level9View.swift */,
				C1D0F3142DADEF3200D05400 /* Level10View.swift */,
				C1D0F3162DAED8C600D05400 /* CreditsView.swift */,
			);
			path = Views;
			sourceTree = "<group>";
		};
/* End PBXGroup section */

/* Begin PBXNativeTarget section */
		C1D0F2CD2DAC785D00D05400 /* Wordflip.Final */ = {
			isa = PBXNativeTarget;
			buildConfigurationList = C1D0F2DD2DAC786000D05400 /* Build configuration list for PBXNativeTarget "Wordflip.Final" */;
			buildPhases = (
				C1D0F2CA2DAC785D00D05400 /* Sources */,
				C1D0F2CB2DAC785D00D05400 /* Frameworks */,
				C1D0F2CC2DAC785D00D05400 /* Resources */,
			);
			buildRules = (
			);
			dependencies = (
			);
			name = Wordflip.Final;
			packageProductDependencies = (
			);
			productName = Wordflip.Final;
			productReference = C1D0F2CE2DAC785D00D05400 /* Wordflip.Final.app */;
			productType = "com.apple.product-type.application";
		};
/* End PBXNativeTarget section */

/* Begin PBXProject section */
		C1D0F2C62DAC785D00D05400 /* Project object */ = {
			isa = PBXProject;
			attributes = {
				BuildIndependentTargetsInParallel = 1;
				LastSwiftUpdateCheck = 1600;
				LastUpgradeCheck = 1600;
				TargetAttributes = {
					C1D0F2CD2DAC785D00D05400 = {
						CreatedOnToolsVersion = 16.0;
					};
				};
			};
			buildConfigurationList = C1D0F2C92DAC785D00D05400 /* Build configuration list for PBXProject "Picflip.Final" */;
			developmentRegion = en;
			hasScannedForEncodings = 0;
			knownRegions = (
				en,
				Base,
			);
			mainGroup = C1D0F2C52DAC785D00D05400;
			minimizedProjectReferenceProxies = 1;
			preferredProjectObjectVersion = 77;
			productRefGroup = C1D0F2CF2DAC785D00D05400 /* Products */;
			projectDirPath = "";
			projectRoot = "";
			targets = (
				C1D0F2CD2DAC785D00D05400 /* Wordflip.Final */,
			);
		};
/* End PBXProject section */

/* Begin PBXResourcesBuildPhase section */
		C1D0F2CC2DAC785D00D05400 /* Resources */ = {
			isa = PBXResourcesBuildPhase;
			buildActionMask = 2147483647;
			files = (
				C1D0F2F32DAC78EB00D05400 /* Preview Assets.xcassets in Resources */,
				C1D0F2F42DAC78EB00D05400 /* Assets.xcassets in Resources */,
			);
			runOnlyForDeploymentPostprocessing = 0;
		};
/* End PBXResourcesBuildPhase section */

/* Begin PBXSourcesBuildPhase section */
		C1D0F2CA2DAC785D00D05400 /* Sources */ = {
			isa = PBXSourcesBuildPhase;
			buildActionMask = 2147483647;
			files = (
				C1D0F3152DADEF3200D05400 /* Level10View.swift in Sources */,
				C1D0F30B2DADEEF400D05400 /* Level5View.swift in Sources */,
				C1D0F3052DADEED800D05400 /* Level2View.swift in Sources */,
				C1D0F3072DADEEE200D05400 /* Level3View.swift in Sources */,
				C1D0F2FD2DAC8D9700D05400 /* StartingView.swift in Sources */,
				C1D0F30D2DADEF0200D05400 /* Level6View.swift in Sources */,
				C1D0F3012DADEC4500D05400 /* LevelsIntoView.swift in Sources */,
				C1D0F3112DADEF1800D05400 /* Level8View.swift in Sources */,
				C1D0F2F12DAC78EB00D05400 /* FreePlayView.swift in Sources */,
				C1D0F3032DADEEC700D05400 /* Level1View.swift in Sources */,
				C1D0F2FF2DADE41400D05400 /* Emojis.swift in Sources */,
				C1D0F2FB2DAC7AE800D05400 /* CardStucture.swift in Sources */,
				C1D0F3172DAED8C600D05400 /* CreditsView.swift in Sources */,
				C1D0F3092DADEEEB00D05400 /* Level4View.swift in Sources */,
				C1D0F3132DADEF2100D05400 /* Level9View.swift in Sources */,
				C1D0F2F22DAC78EB00D05400 /* Picflip_FinalApp.swift in Sources */,
				C1D0F30F2DADEF0C00D05400 /* Level7View.swift in Sources */,
			);
			runOnlyForDeploymentPostprocessing = 0;
		};
/* End PBXSourcesBuildPhase section */

/* Begin XCBuildConfiguration section */
		C1D0F2DB2DAC786000D05400 /* Debug */ = {
			isa = XCBuildConfiguration;
			buildSettings = {
				ALWAYS_SEARCH_USER_PATHS = NO;
				ASSETCATALOG_COMPILER_GENERATE_SWIFT_ASSET_SYMBOL_EXTENSIONS = YES;
				CLANG_ANALYZER_NONNULL = YES;
				CLANG_ANALYZER_NUMBER_OBJECT_CONVERSION = YES_AGGRESSIVE;
				CLANG_CXX_LANGUAGE_STANDARD = "gnu++20";
				CLANG_ENABLE_MODULES = YES;
				CLANG_ENABLE_OBJC_ARC = YES;
				CLANG_ENABLE_OBJC_WEAK = YES;
				CLANG_WARN_BLOCK_CAPTURE_AUTORELEASING = YES;
				CLANG_WARN_BOOL_CONVERSION = YES;
				CLANG_WARN_COMMA = YES;
				CLANG_WARN_CONSTANT_CONVERSION = YES;
				CLANG_WARN_DEPRECATED_OBJC_IMPLEMENTATIONS = YES;
				CLANG_WARN_DIRECT_OBJC_ISA_USAGE = YES_ERROR;
				CLANG_WARN_DOCUMENTATION_COMMENTS = YES;
				CLANG_WARN_EMPTY_BODY = YES;
				CLANG_WARN_ENUM_CONVERSION = YES;
				CLANG_WARN_INFINITE_RECURSION = YES;
				CLANG_WARN_INT_CONVERSION = YES;
				CLANG_WARN_NON_LITERAL_NULL_CONVERSION = YES;
				CLANG_WARN_OBJC_IMPLICIT_RETAIN_SELF = YES;
				CLANG_WARN_OBJC_LITERAL_CONVERSION = YES;
				CLANG_WARN_OBJC_ROOT_CLASS = YES_ERROR;
				CLANG_WARN_QUOTED_INCLUDE_IN_FRAMEWORK_HEADER = YES;
				CLANG_WARN_RANGE_LOOP_ANALYSIS = YES;
				CLANG_WARN_STRICT_PROTOTYPES = YES;
				CLANG_WARN_SUSPICIOUS_MOVE = YES;
				CLANG_WARN_UNGUARDED_AVAILABILITY = YES_AGGRESSIVE;
				CLANG_WARN_UNREACHABLE_CODE = YES;
				CLANG_WARN__DUPLICATE_METHOD_MATCH = YES;
				COPY_PHASE_STRIP = NO;
				DEBUG_INFORMATION_FORMAT = dwarf;
				ENABLE_STRICT_OBJC_MSGSEND = YES;
				ENABLE_TESTABILITY = YES;
				ENABLE_USER_SCRIPT_SANDBOXING = YES;
				GCC_C_LANGUAGE_STANDARD = gnu17;
				GCC_DYNAMIC_NO_PIC = NO;
				GCC_NO_COMMON_BLOCKS = YES;
				GCC_OPTIMIZATION_LEVEL = 0;
				GCC_PREPROCESSOR_DEFINITIONS = (
					"DEBUG=1",
					"$(inherited)",
				);
				GCC_WARN_64_TO_32_BIT_CONVERSION = YES;
				GCC_WARN_ABOUT_RETURN_TYPE = YES_ERROR;
				GCC_WARN_UNDECLARED_SELECTOR = YES;
				GCC_WARN_UNINITIALIZED_AUTOS = YES_AGGRESSIVE;
				GCC_WARN_UNUSED_FUNCTION = YES;
				GCC_WARN_UNUSED_VARIABLE = YES;
				LOCALIZATION_PREFERS_STRING_CATALOGS = YES;
				MACOSX_DEPLOYMENT_TARGET = 14.7;
				MTL_ENABLE_DEBUG_INFO = INCLUDE_SOURCE;
				MTL_FAST_MATH = YES;
				ONLY_ACTIVE_ARCH = YES;
				SDKROOT = macosx;
				SWIFT_ACTIVE_COMPILATION_CONDITIONS = "DEBUG $(inherited)";
				SWIFT_OPTIMIZATION_LEVEL = "-Onone";
			};
			name = Debug;
		};
		C1D0F2DC2DAC786000D05400 /* Release */ = {
			isa = XCBuildConfiguration;
			buildSettings = {
				ALWAYS_SEARCH_USER_PATHS = NO;
				ASSETCATALOG_COMPILER_GENERATE_SWIFT_ASSET_SYMBOL_EXTENSIONS = YES;
				CLANG_ANALYZER_NONNULL = YES;
				CLANG_ANALYZER_NUMBER_OBJECT_CONVERSION = YES_AGGRESSIVE;
				CLANG_CXX_LANGUAGE_STANDARD = "gnu++20";
				CLANG_ENABLE_MODULES = YES;
				CLANG_ENABLE_OBJC_ARC = YES;
				CLANG_ENABLE_OBJC_WEAK = YES;
				CLANG_WARN_BLOCK_CAPTURE_AUTORELEASING = YES;
				CLANG_WARN_BOOL_CONVERSION = YES;
				CLANG_WARN_COMMA = YES;
				CLANG_WARN_CONSTANT_CONVERSION = YES;
				CLANG_WARN_DEPRECATED_OBJC_IMPLEMENTATIONS = YES;
				CLANG_WARN_DIRECT_OBJC_ISA_USAGE = YES_ERROR;
				CLANG_WARN_DOCUMENTATION_COMMENTS = YES;
				CLANG_WARN_EMPTY_BODY = YES;
				CLANG_WARN_ENUM_CONVERSION = YES;
				CLANG_WARN_INFINITE_RECURSION = YES;
				CLANG_WARN_INT_CONVERSION = YES;
				CLANG_WARN_NON_LITERAL_NULL_CONVERSION = YES;
				CLANG_WARN_OBJC_IMPLICIT_RETAIN_SELF = YES;
				CLANG_WARN_OBJC_LITERAL_CONVERSION = YES;
				CLANG_WARN_OBJC_ROOT_CLASS = YES_ERROR;
				CLANG_WARN_QUOTED_INCLUDE_IN_FRAMEWORK_HEADER = YES;
				CLANG_WARN_RANGE_LOOP_ANALYSIS = YES;
				CLANG_WARN_STRICT_PROTOTYPES = YES;
				CLANG_WARN_SUSPICIOUS_MOVE = YES;
				CLANG_WARN_UNGUARDED_AVAILABILITY = YES_AGGRESSIVE;
				CLANG_WARN_UNREACHABLE_CODE = YES;
				CLANG_WARN__DUPLICATE_METHOD_MATCH = YES;
				COPY_PHASE_STRIP = NO;
				DEBUG_INFORMATION_FORMAT = "dwarf-with-dsym";
				ENABLE_NS_ASSERTIONS = NO;
				ENABLE_STRICT_OBJC_MSGSEND = YES;
				ENABLE_USER_SCRIPT_SANDBOXING = YES;
				GCC_C_LANGUAGE_STANDARD = gnu17;
				GCC_NO_COMMON_BLOCKS = YES;
				GCC_WARN_64_TO_32_BIT_CONVERSION = YES;
				GCC_WARN_ABOUT_RETURN_TYPE = YES_ERROR;
				GCC_WARN_UNDECLARED_SELECTOR = YES;
				GCC_WARN_UNINITIALIZED_AUTOS = YES_AGGRESSIVE;
				GCC_WARN_UNUSED_FUNCTION = YES;
				GCC_WARN_UNUSED_VARIABLE = YES;
				LOCALIZATION_PREFERS_STRING_CATALOGS = YES;
				MACOSX_DEPLOYMENT_TARGET = 14.7;
				MTL_ENABLE_DEBUG_INFO = NO;
				MTL_FAST_MATH = YES;
				SDKROOT = macosx;
				SWIFT_COMPILATION_MODE = wholemodule;
			};
			name = Release;
		};
		C1D0F2DE2DAC786000D05400 /* Debug */ = {
			isa = XCBuildConfiguration;
			buildSettings = {
				ASSETCATALOG_COMPILER_APPICON_NAME = AppIcon;
				ASSETCATALOG_COMPILER_GLOBAL_ACCENT_COLOR_NAME = AccentColor;
				CODE_SIGN_ENTITLEMENTS = Wordflip.Final/Wordflip_Final.entitlements;
				CODE_SIGN_STYLE = Automatic;
				COMBINE_HIDPI_IMAGES = YES;
				CURRENT_PROJECT_VERSION = 1;
				DEVELOPMENT_ASSET_PATHS = "\"Wordflip.Final/Preview Content\"";
				DEVELOPMENT_TEAM = 5PWMQSWZ4U;
				ENABLE_HARDENED_RUNTIME = YES;
				ENABLE_PREVIEWS = YES;
				GENERATE_INFOPLIST_FILE = YES;
				INFOPLIST_KEY_NSHumanReadableCopyright = "";
				LD_RUNPATH_SEARCH_PATHS = (
					"$(inherited)",
					"@executable_path/../Frameworks",
				);
				MARKETING_VERSION = 1.0;
				PRODUCT_BUNDLE_IDENTIFIER = "ca.DanikaPeet.Wordflip-Final";
				PRODUCT_NAME = "$(TARGET_NAME)";
				SWIFT_EMIT_LOC_STRINGS = YES;
				SWIFT_VERSION = 5.0;
			};
			name = Debug;
		};
		C1D0F2DF2DAC786000D05400 /* Release */ = {
			isa = XCBuildConfiguration;
			buildSettings = {
				ASSETCATALOG_COMPILER_APPICON_NAME = AppIcon;
				ASSETCATALOG_COMPILER_GLOBAL_ACCENT_COLOR_NAME = AccentColor;
				CODE_SIGN_ENTITLEMENTS = Wordflip.Final/Wordflip_Final.entitlements;
				CODE_SIGN_STYLE = Automatic;
				COMBINE_HIDPI_IMAGES = YES;
				CURRENT_PROJECT_VERSION = 1;
				DEVELOPMENT_ASSET_PATHS = "\"Wordflip.Final/Preview Content\"";
				DEVELOPMENT_TEAM = 5PWMQSWZ4U;
				ENABLE_HARDENED_RUNTIME = YES;
				ENABLE_PREVIEWS = YES;
				GENERATE_INFOPLIST_FILE = YES;
				INFOPLIST_KEY_NSHumanReadableCopyright = "";
				LD_RUNPATH_SEARCH_PATHS = (
					"$(inherited)",
					"@executable_path/../Frameworks",
				);
				MARKETING_VERSION = 1.0;
				PRODUCT_BUNDLE_IDENTIFIER = "ca.DanikaPeet.Wordflip-Final";
				PRODUCT_NAME = "$(TARGET_NAME)";
				SWIFT_EMIT_LOC_STRINGS = YES;
				SWIFT_VERSION = 5.0;
			};
			name = Release;
		};
/* End XCBuildConfiguration section */

/* Begin XCConfigurationList section */
		C1D0F2C92DAC785D00D05400 /* Build configuration list for PBXProject "Picflip.Final" */ = {
			isa = XCConfigurationList;
			buildConfigurations = (
				C1D0F2DB2DAC786000D05400 /* Debug */,
				C1D0F2DC2DAC786000D05400 /* Release */,
			);
			defaultConfigurationIsVisible = 0;
			defaultConfigurationName = Release;
		};
		C1D0F2DD2DAC786000D05400 /* Build configuration list for PBXNativeTarget "Wordflip.Final" */ = {
			isa = XCConfigurationList;
			buildConfigurations = (
				C1D0F2DE2DAC786000D05400 /* Debug */,
				C1D0F2DF2DAC786000D05400 /* Release */,
			);
			defaultConfigurationIsVisible = 0;
			defaultConfigurationName = Release;
		};
/* End XCConfigurationList section */
	};
	rootObject = C1D0F2C62DAC785D00D05400 /* Project object */;
}
